
Microsoft Visual Studio Solution File, Format Version 12.00
# Visual Studio 14
VisualStudioVersion = 14.0.25420.1
MinimumVisualStudioVersion = 10.0.40219.1
Project("{FAE04EC0-301F-11D3-BF4B-00C04F79EFBC}") = "Dicho_online", "Dicho_online\Dicho_online.csproj", "{C5243AF6-3A5E-4359-A1BC-7FA46E612A6E}"
EndProject
Project("{FAE04EC0-301F-11D3-BF4B-00C04F79EFBC}") = "Dicho_online.Tests", "Dicho_online.Tests\Dicho_online.Tests.csproj", "{74506957-ACE1-4473-BE7B-07B093930595}"
EndProject
Global
	GlobalSection(SolutionConfigurationPlatforms) = preSolution
		Debug|Any CPU = Debug|Any CPU
		Release|Any CPU = Release|Any CPU
	EndGlobalSection
	GlobalSection(ProjectConfigurationPlatforms) = postSolution
		{C5243AF6-3A5E-4359-A1BC-7FA46E612A6E}.Debug|Any CPU.ActiveCfg = Debug|Any CPU
		{C5243AF6-3A5E-4359-A1BC-7FA46E612A6E}.Debug|Any CPU.Build.0 = Debug|Any CPU
		{C5243AF6-3A5E-4359-A1BC-7FA46E612A6E}.Release|Any CPU.ActiveCfg = Release|Any CPU
		{C5243AF6-3A5E-4359-A1BC-7FA46E612A6E}.Release|Any CPU.Build.0 = Release|Any CPU
		{74506957-ACE1-4473-BE7B-07B093930595}.Debug|Any CPU.ActiveCfg = Debug|Any CPU
		{74506957-ACE1-4473-BE7B-07B093930595}.Debug|Any CPU.Build.0 = Debug|Any CPU
		{74506957-ACE1-4473-BE7B-07B093930595}.Release|Any CPU.ActiveCfg = Release|Any CPU
		{74506957-ACE1-4473-BE7B-07B093930595}.Release|Any CPU.Build.0 = Release|Any CPU
	EndGlobalSection
	GlobalSection(SolutionProperties) = preSolution
		HideSolutionNode = FALSE
	EndGlobalSection
EndGlobal
